
Microsoft Visual Studio Solution File, Format Version 12.00
# Visual Studio Version 17
VisualStudioVersion = 17.5.002.0
MinimumVisualStudioVersion = 10.0.40219.1
Project("{2150E333-8FDC-42A3-9474-1A3956D46DE8}") = "csharp-prep", "csharp-prep", "{B2BF6820-BD5A-4ABA-BD22-19C85634DBAC}"
EndProject
Project("{9A19103F-16F7-4668-BE54-9A1E7A4F7556}") = "Prep1", "csharp-prep\Prep1\Prep1.csproj", "{E8A274B4-CACE-4986-8A08-A6966CD4D76A}"
EndProject
Project("{9A19103F-16F7-4668-BE54-9A1E7A4F7556}") = "Prep2", "csharp-prep\Prep2\Prep2.csproj", "{415968FC-7CC1-44B3-BF1E-2B67BECA0605}"
EndProject
Project("{9A19103F-16F7-4668-BE54-9A1E7A4F7556}") = "Prep3", "csharp-prep\Prep3\Prep3.csproj", "{7DCE8738-339C-47C7-BFB4-70D7A27CF5EA}"
EndProject
Project("{9A19103F-16F7-4668-BE54-9A1E7A4F7556}") = "Prep4", "csharp-prep\Prep4\Prep4.csproj", "{663C8A6F-BB57-4452-A1EB-0B82673B6019}"
EndProject
Project("{9A19103F-16F7-4668-BE54-9A1E7A4F7556}") = "Prep5", "csharp-prep\Prep5\Prep5.csproj", "{D89B81C2-FBA6-444B-946B-6ED2F86FCCF4}"
EndProject
Project("{2150E333-8FDC-42A3-9474-1A3956D46DE8}") = "final", "final", "{F75DB572-8F43-4716-B325-36A32E281707}"
EndProject
Project("{9A19103F-16F7-4668-BE54-9A1E7A4F7556}") = "FinalProject", "final\FinalProject\FinalProject.csproj", "{12C378D7-78DF-4B6F-9B05-1E4E6A4AE9DB}"
EndProject
Project("{9A19103F-16F7-4668-BE54-9A1E7A4F7556}") = "Foundation1", "final\Foundation1\Foundation1.csproj", "{A869FB9F-1899-4529-9B74-4CDAD20E4FD1}"
EndProject
Project("{9A19103F-16F7-4668-BE54-9A1E7A4F7556}") = "Foundation2", "final\Foundation2\Foundation2.csproj", "{DD0D6531-BE35-45D1-A003-20DECD5653E2}"
EndProject
Project("{9A19103F-16F7-4668-BE54-9A1E7A4F7556}") = "Foundation3", "final\Foundation3\Foundation3.csproj", "{5FB2ED89-A5F8-4015-A57E-FCA80719E29A}"
EndProject
Project("{9A19103F-16F7-4668-BE54-9A1E7A4F7556}") = "Foundation4", "final\Foundation4\Foundation4.csproj", "{BF30228A-472B-4B89-9E5A-83DC6CD52BB9}"
EndProject
Project("{2150E333-8FDC-42A3-9474-1A3956D46DE8}") = "prepare", "prepare", "{8FC41527-4541-4430-AD93-EA98C7439DF3}"
EndProject
Project("{9A19103F-16F7-4668-BE54-9A1E7A4F7556}") = "Learning02", "prepare\Learning02\Learning02.csproj", "{C5AB6EC9-5760-46BB-B219-6018F36D44C7}"
EndProject
Project("{9A19103F-16F7-4668-BE54-9A1E7A4F7556}") = "Learning03", "prepare\Learning03\Learning03.csproj", "{ABC472F9-2A62-43F6-8E8B-8083A1B8F517}"
EndProject
Project("{9A19103F-16F7-4668-BE54-9A1E7A4F7556}") = "Learning04", "prepare\Learning04\Learning04.csproj", "{E8C9C472-6554-4E29-A98E-03E4D5011D24}"
EndProject
Project("{9A19103F-16F7-4668-BE54-9A1E7A4F7556}") = "Learning05", "prepare\Learning05\Learning05.csproj", "{7D8DFEAA-7694-466F-9255-1A95906724A4}"
EndProject
Project("{2150E333-8FDC-42A3-9474-1A3956D46DE8}") = "prove", "prove", "{9E4A0BB0-013A-457C-B1C2-E1978035B39A}"
EndProject
Project("{9A19103F-16F7-4668-BE54-9A1E7A4F7556}") = "Develop02", "prove\Develop02\Develop02.csproj", "{8EBD2255-4D22-498B-897F-143B0855710A}"
EndProject
Project("{9A19103F-16F7-4668-BE54-9A1E7A4F7556}") = "Develop03", "prove\Develop03\Develop03.csproj", "{2C2F5098-6CF4-4E38-9766-1041BC647546}"
EndProject
Project("{9A19103F-16F7-4668-BE54-9A1E7A4F7556}") = "Develop04", "prove\Develop04\Develop04.csproj", "{018FD9EF-E56C-4CA0-A27D-CBF2B0F509FA}"
EndProject
Project("{9A19103F-16F7-4668-BE54-9A1E7A4F7556}") = "Develop05", "prove\Develop05\Develop05.csproj", "{F2EE58D9-06A9-4678-A7A3-6FBFD47F0531}"
EndProject
Project("{2150E333-8FDC-42A3-9474-1A3956D46DE8}") = "sandbox", "sandbox", "{95A7019A-C389-44F1-A171-BDA175E38FF2}"
EndProject
Project("{9A19103F-16F7-4668-BE54-9A1E7A4F7556}") = "Sandbox", "sandbox\Sandbox\Sandbox.csproj", "{6D74C394-650A-44D6-800A-8E61E1757108}"
EndProject
Global
	GlobalSection(SolutionConfigurationPlatforms) = preSolution
		Debug|Any CPU = Debug|Any CPU
		Release|Any CPU = Release|Any CPU
	EndGlobalSection
	GlobalSection(ProjectConfigurationPlatforms) = postSolution
		{E8A274B4-CACE-4986-8A08-A6966CD4D76A}.Debug|Any CPU.ActiveCfg = Debug|Any CPU
		{E8A274B4-CACE-4986-8A08-A6966CD4D76A}.Debug|Any CPU.Build.0 = Debug|Any CPU
		{E8A274B4-CACE-4986-8A08-A6966CD4D76A}.Release|Any CPU.ActiveCfg = Release|Any CPU
		{E8A274B4-CACE-4986-8A08-A6966CD4D76A}.Release|Any CPU.Build.0 = Release|Any CPU
		{415968FC-7CC1-44B3-BF1E-2B67BECA0605}.Debug|Any CPU.ActiveCfg = Debug|Any CPU
		{415968FC-7CC1-44B3-BF1E-2B67BECA0605}.Debug|Any CPU.Build.0 = Debug|Any CPU
		{415968FC-7CC1-44B3-BF1E-2B67BECA0605}.Release|Any CPU.ActiveCfg = Release|Any CPU
		{415968FC-7CC1-44B3-BF1E-2B67BECA0605}.Release|Any CPU.Build.0 = Release|Any CPU
		{7DCE8738-339C-47C7-BFB4-70D7A27CF5EA}.Debug|Any CPU.ActiveCfg = Debug|Any CPU
		{7DCE8738-339C-47C7-BFB4-70D7A27CF5EA}.Debug|Any CPU.Build.0 = Debug|Any CPU
		{7DCE8738-339C-47C7-BFB4-70D7A27CF5EA}.Release|Any CPU.ActiveCfg = Release|Any CPU
		{7DCE8738-339C-47C7-BFB4-70D7A27CF5EA}.Release|Any CPU.Build.0 = Release|Any CPU
		{663C8A6F-BB57-4452-A1EB-0B82673B6019}.Debug|Any CPU.ActiveCfg = Debug|Any CPU
		{663C8A6F-BB57-4452-A1EB-0B82673B6019}.Debug|Any CPU.Build.0 = Debug|Any CPU
		{663C8A6F-BB57-4452-A1EB-0B82673B6019}.Release|Any CPU.ActiveCfg = Release|Any CPU
		{663C8A6F-BB57-4452-A1EB-0B82673B6019}.Release|Any CPU.Build.0 = Release|Any CPU
		{D89B81C2-FBA6-444B-946B-6ED2F86FCCF4}.Debug|Any CPU.ActiveCfg = Debug|Any CPU
		{D89B81C2-FBA6-444B-946B-6ED2F86FCCF4}.Debug|Any CPU.Build.0 = Debug|Any CPU
		{D89B81C2-FBA6-444B-946B-6ED2F86FCCF4}.Release|Any CPU.ActiveCfg = Release|Any CPU
		{D89B81C2-FBA6-444B-946B-6ED2F86FCCF4}.Release|Any CPU.Build.0 = Release|Any CPU
		{12C378D7-78DF-4B6F-9B05-1E4E6A4AE9DB}.Debug|Any CPU.ActiveCfg = Debug|Any CPU
		{12C378D7-78DF-4B6F-9B05-1E4E6A4AE9DB}.Debug|Any CPU.Build.0 = Debug|Any CPU
		{12C378D7-78DF-4B6F-9B05-1E4E6A4AE9DB}.Release|Any CPU.ActiveCfg = Release|Any CPU
		{12C378D7-78DF-4B6F-9B05-1E4E6A4AE9DB}.Release|Any CPU.Build.0 = Release|Any CPU
		{A869FB9F-1899-4529-9B74-4CDAD20E4FD1}.Debug|Any CPU.ActiveCfg = Debug|Any CPU
		{A869FB9F-1899-4529-9B74-4CDAD20E4FD1}.Debug|Any CPU.Build.0 = Debug|Any CPU
		{A869FB9F-1899-4529-9B74-4CDAD20E4FD1}.Release|Any CPU.ActiveCfg = Release|Any CPU
		{A869FB9F-1899-4529-9B74-4CDAD20E4FD1}.Release|Any CPU.Build.0 = Release|Any CPU
		{DD0D6531-BE35-45D1-A003-20DECD5653E2}.Debug|Any CPU.ActiveCfg = Debug|Any CPU
		{DD0D6531-BE35-45D1-A003-20DECD5653E2}.Debug|Any CPU.Build.0 = Debug|Any CPU
		{DD0D6531-BE35-45D1-A003-20DECD5653E2}.Release|Any CPU.ActiveCfg = Release|Any CPU
		{DD0D6531-BE35-45D1-A003-20DECD5653E2}.Release|Any CPU.Build.0 = Release|Any CPU
		{5FB2ED89-A5F8-4015-A57E-FCA80719E29A}.Debug|Any CPU.ActiveCfg = Debug|Any CPU
		{5FB2ED89-A5F8-4015-A57E-FCA80719E29A}.Debug|Any CPU.Build.0 = Debug|Any CPU
		{5FB2ED89-A5F8-4015-A57E-FCA80719E29A}.Release|Any CPU.ActiveCfg = Release|Any CPU
		{5FB2ED89-A5F8-4015-A57E-FCA80719E29A}.Release|Any CPU.Build.0 = Release|Any CPU
		{BF30228A-472B-4B89-9E5A-83DC6CD52BB9}.Debug|Any CPU.ActiveCfg = Debug|Any CPU
		{BF30228A-472B-4B89-9E5A-83DC6CD52BB9}.Debug|Any CPU.Build.0 = Debug|Any CPU
		{BF30228A-472B-4B89-9E5A-83DC6CD52BB9}.Release|Any CPU.ActiveCfg = Release|Any CPU
		{BF30228A-472B-4B89-9E5A-83DC6CD52BB9}.Release|Any CPU.Build.0 = Release|Any CPU
		{C5AB6EC9-5760-46BB-B219-6018F36D44C7}.Debug|Any CPU.ActiveCfg = Debug|Any CPU
		{C5AB6EC9-5760-46BB-B219-6018F36D44C7}.Debug|Any CPU.Build.0 = Debug|Any CPU
		{C5AB6EC9-5760-46BB-B219-6018F36D44C7}.Release|Any CPU.ActiveCfg = Release|Any CPU
		{C5AB6EC9-5760-46BB-B219-6018F36D44C7}.Release|Any CPU.Build.0 = Release|Any CPU
		{ABC472F9-2A62-43F6-8E8B-8083A1B8F517}.Debug|Any CPU.ActiveCfg = Debug|Any CPU
		{ABC472F9-2A62-43F6-8E8B-8083A1B8F517}.Debug|Any CPU.Build.0 = Debug|Any CPU
		{ABC472F9-2A62-43F6-8E8B-8083A1B8F517}.Release|Any CPU.ActiveCfg = Release|Any CPU
		{ABC472F9-2A62-43F6-8E8B-8083A1B8F517}.Release|Any CPU.Build.0 = Release|Any CPU
		{E8C9C472-6554-4E29-A98E-03E4D5011D24}.Debug|Any CPU.ActiveCfg = Debug|Any CPU
		{E8C9C472-6554-4E29-A98E-03E4D5011D24}.Debug|Any CPU.Build.0 = Debug|Any CPU
		{E8C9C472-6554-4E29-A98E-03E4D5011D24}.Release|Any CPU.ActiveCfg = Release|Any CPU
		{E8C9C472-6554-4E29-A98E-03E4D5011D24}.Release|Any CPU.Build.0 = Release|Any CPU
		{7D8DFEAA-7694-466F-9255-1A95906724A4}.Debug|Any CPU.ActiveCfg = Debug|Any CPU
		{7D8DFEAA-7694-466F-9255-1A95906724A4}.Debug|Any CPU.Build.0 = Debug|Any CPU
		{7D8DFEAA-7694-466F-9255-1A95906724A4}.Release|Any CPU.ActiveCfg = Release|Any CPU
		{7D8DFEAA-7694-466F-9255-1A95906724A4}.Release|Any CPU.Build.0 = Release|Any CPU
		{8EBD2255-4D22-498B-897F-143B0855710A}.Debug|Any CPU.ActiveCfg = Debug|Any CPU
		{8EBD2255-4D22-498B-897F-143B0855710A}.Debug|Any CPU.Build.0 = Debug|Any CPU
		{8EBD2255-4D22-498B-897F-143B0855710A}.Release|Any CPU.ActiveCfg = Release|Any CPU
		{8EBD2255-4D22-498B-897F-143B0855710A}.Release|Any CPU.Build.0 = Release|Any CPU
		{2C2F5098-6CF4-4E38-9766-1041BC647546}.Debug|Any CPU.ActiveCfg = Debug|Any CPU
		{2C2F5098-6CF4-4E38-9766-1041BC647546}.Debug|Any CPU.Build.0 = Debug|Any CPU
		{2C2F5098-6CF4-4E38-9766-1041BC647546}.Release|Any CPU.ActiveCfg = Release|Any CPU
		{2C2F5098-6CF4-4E38-9766-1041BC647546}.Release|Any CPU.Build.0 = Release|Any CPU
		{018FD9EF-E56C-4CA0-A27D-CBF2B0F509FA}.Debug|Any CPU.ActiveCfg = Debug|Any CPU
		{018FD9EF-E56C-4CA0-A27D-CBF2B0F509FA}.Debug|Any CPU.Build.0 = Debug|Any CPU
		{018FD9EF-E56C-4CA0-A27D-CBF2B0F509FA}.Release|Any CPU.ActiveCfg = Release|Any CPU
		{018FD9EF-E56C-4CA0-A27D-CBF2B0F509FA}.Release|Any CPU.Build.0 = Release|Any CPU
		{F2EE58D9-06A9-4678-A7A3-6FBFD47F0531}.Debug|Any CPU.ActiveCfg = Debug|Any CPU
		{F2EE58D9-06A9-4678-A7A3-6FBFD47F0531}.Debug|Any CPU.Build.0 = Debug|Any CPU
		{F2EE58D9-06A9-4678-A7A3-6FBFD47F0531}.Release|Any CPU.ActiveCfg = Release|Any CPU
		{F2EE58D9-06A9-4678-A7A3-6FBFD47F0531}.Release|Any CPU.Build.0 = Release|Any CPU
		{6D74C394-650A-44D6-800A-8E61E1757108}.Debug|Any CPU.ActiveCfg = Debug|Any CPU
		{6D74C394-650A-44D6-800A-8E61E1757108}.Debug|Any CPU.Build.0 = Debug|Any CPU
		{6D74C394-650A-44D6-800A-8E61E1757108}.Release|Any CPU.ActiveCfg = Release|Any CPU
		{6D74C394-650A-44D6-800A-8E61E1757108}.Release|Any CPU.Build.0 = Release|Any CPU
	EndGlobalSection
	GlobalSection(SolutionProperties) = preSolution
		HideSolutionNode = FALSE
	EndGlobalSection
	GlobalSection(NestedProjects) = preSolution
		{E8A274B4-CACE-4986-8A08-A6966CD4D76A} = {B2BF6820-BD5A-4ABA-BD22-19C85634DBAC}
		{415968FC-7CC1-44B3-BF1E-2B67BECA0605} = {B2BF6820-BD5A-4ABA-BD22-19C85634DBAC}
		{7DCE8738-339C-47C7-BFB4-70D7A27CF5EA} = {B2BF6820-BD5A-4ABA-BD22-19C85634DBAC}
		{663C8A6F-BB57-4452-A1EB-0B82673B6019} = {B2BF6820-BD5A-4ABA-BD22-19C85634DBAC}
		{D89B81C2-FBA6-444B-946B-6ED2F86FCCF4} = {B2BF6820-BD5A-4ABA-BD22-19C85634DBAC}
		{12C378D7-78DF-4B6F-9B05-1E4E6A4AE9DB} = {F75DB572-8F43-4716-B325-36A32E281707}
		{A869FB9F-1899-4529-9B74-4CDAD20E4FD1} = {F75DB572-8F43-4716-B325-36A32E281707}
		{DD0D6531-BE35-45D1-A003-20DECD5653E2} = {F75DB572-8F43-4716-B325-36A32E281707}
		{5FB2ED89-A5F8-4015-A57E-FCA80719E29A} = {F75DB572-8F43-4716-B325-36A32E281707}
		{BF30228A-472B-4B89-9E5A-83DC6CD52BB9} = {F75DB572-8F43-4716-B325-36A32E281707}
		{C5AB6EC9-5760-46BB-B219-6018F36D44C7} = {8FC41527-4541-4430-AD93-EA98C7439DF3}
		{ABC472F9-2A62-43F6-8E8B-8083A1B8F517} = {8FC41527-4541-4430-AD93-EA98C7439DF3}
		{E8C9C472-6554-4E29-A98E-03E4D5011D24} = {8FC41527-4541-4430-AD93-EA98C7439DF3}
		{7D8DFEAA-7694-466F-9255-1A95906724A4} = {8FC41527-4541-4430-AD93-EA98C7439DF3}
		{8EBD2255-4D22-498B-897F-143B0855710A} = {9E4A0BB0-013A-457C-B1C2-E1978035B39A}
		{2C2F5098-6CF4-4E38-9766-1041BC647546} = {9E4A0BB0-013A-457C-B1C2-E1978035B39A}
		{018FD9EF-E56C-4CA0-A27D-CBF2B0F509FA} = {9E4A0BB0-013A-457C-B1C2-E1978035B39A}
		{F2EE58D9-06A9-4678-A7A3-6FBFD47F0531} = {9E4A0BB0-013A-457C-B1C2-E1978035B39A}
		{6D74C394-650A-44D6-800A-8E61E1757108} = {95A7019A-C389-44F1-A171-BDA175E38FF2}
	EndGlobalSection
	GlobalSection(ExtensibilityGlobals) = postSolution
		SolutionGuid = {ADA7E3C9-AAD7-4409-A7D3-39C2C3F8D281}
	EndGlobalSection
EndGlobal
